
Microsoft Visual Studio Solution File, Format Version 12.00
# Visual Studio 2017
Project("{FAE04EC0-301F-11D3-BF4B-00C04F79EFBC}") = "Virtual Tour", "Virtual Tour.csproj", "{1515B18D-4AAF-759A-ABED-39E3927ABE32}"
EndProject
Project("{FAE04EC0-301F-11D3-BF4B-00C04F79EFBC}") = "Virtual Tour.Plugins", "Virtual Tour.Plugins.csproj", "{8520520F-E15B-C5FD-EE16-FE437E263392}"
EndProject
Project("{FAE04EC0-301F-11D3-BF4B-00C04F79EFBC}") = "Virtual Tour.Editor.Plugins", "Virtual Tour.Editor.Plugins.csproj", "{1922E17A-2C19-FB99-6334-9AB4A81BA2A1}"
EndProject
Project("{FAE04EC0-301F-11D3-BF4B-00C04F79EFBC}") = "Virtual Tour.Editor", "Virtual Tour.Editor.csproj", "{601C7DA1-E6F7-565D-7C7B-6493D0D9FF9E}"
EndProject
Global
	GlobalSection(SolutionConfigurationPlatforms) = preSolution
		Debug|Any CPU = Debug|Any CPU
		Release|Any CPU = Release|Any CPU
	EndGlobalSection
	GlobalSection(ProjectConfigurationPlatforms) = postSolution
		{1515B18D-4AAF-759A-ABED-39E3927ABE32}.Debug|Any CPU.ActiveCfg = Debug|Any CPU
		{1515B18D-4AAF-759A-ABED-39E3927ABE32}.Debug|Any CPU.Build.0 = Debug|Any CPU
		{1515B18D-4AAF-759A-ABED-39E3927ABE32}.Release|Any CPU.ActiveCfg = Release|Any CPU
		{1515B18D-4AAF-759A-ABED-39E3927ABE32}.Release|Any CPU.Build.0 = Release|Any CPU
		{8520520F-E15B-C5FD-EE16-FE437E263392}.Debug|Any CPU.ActiveCfg = Debug|Any CPU
		{8520520F-E15B-C5FD-EE16-FE437E263392}.Debug|Any CPU.Build.0 = Debug|Any CPU
		{8520520F-E15B-C5FD-EE16-FE437E263392}.Release|Any CPU.ActiveCfg = Release|Any CPU
		{8520520F-E15B-C5FD-EE16-FE437E263392}.Release|Any CPU.Build.0 = Release|Any CPU
		{1922E17A-2C19-FB99-6334-9AB4A81BA2A1}.Debug|Any CPU.ActiveCfg = Debug|Any CPU
		{1922E17A-2C19-FB99-6334-9AB4A81BA2A1}.Debug|Any CPU.Build.0 = Debug|Any CPU
		{1922E17A-2C19-FB99-6334-9AB4A81BA2A1}.Release|Any CPU.ActiveCfg = Release|Any CPU
		{1922E17A-2C19-FB99-6334-9AB4A81BA2A1}.Release|Any CPU.Build.0 = Release|Any CPU
		{601C7DA1-E6F7-565D-7C7B-6493D0D9FF9E}.Debug|Any CPU.ActiveCfg = Debug|Any CPU
		{601C7DA1-E6F7-565D-7C7B-6493D0D9FF9E}.Debug|Any CPU.Build.0 = Debug|Any CPU
		{601C7DA1-E6F7-565D-7C7B-6493D0D9FF9E}.Release|Any CPU.ActiveCfg = Release|Any CPU
		{601C7DA1-E6F7-565D-7C7B-6493D0D9FF9E}.Release|Any CPU.Build.0 = Release|Any CPU
	EndGlobalSection
	GlobalSection(SolutionProperties) = preSolution
		HideSolutionNode = FALSE
	EndGlobalSection
EndGlobal
